uuid: a1f4c3a7-2c31-4d4b-a368-9490d934947b
langcode: fr
status: true
dependencies:
  config:
    - field.storage.node.field_paragraph_label_block
    - node.type.who_are_we
    - paragraphs.paragraphs_type.label_block
  module:
    - entity_reference_revisions
id: node.who_are_we.field_paragraph_label_block
field_name: field_paragraph_label_block
entity_type: node
bundle: who_are_we
label: 'Bloc étiquette'
description: ''
required: false
translatable: true
default_value: {  }
default_value_callback: ''
settings:
  handler: 'default:paragraph'
  handler_settings:
    negate: 0
    target_bundles:
      label_block: label_block
    target_bundles_drag_drop:
      brand_history:
        weight: 9
        enabled: false
      contents_table:
        weight: 10
        enabled: false
      contents_table_slide:
        weight: 11
        enabled: false
      label_block:
        enabled: true
        weight: 12
      main_visual:
        weight: 13
        enabled: false
      moodboard:
        weight: 14
        enabled: false
      our_universe:
        weight: 15
        enabled: false
      slider_homepage:
        weight: 16
        enabled: false
field_type: entity_reference_revisions
